// !$*UTF8*$!
{
	archiveVersion = 1;
	classes = {
	};
	objectVersion = 50;
	objects = {

/* Begin PBXBuildFile section */
		84E3D71B25021C8D0083363A /* AppDelegate.swift in Sources */ = {isa = PBXBuildFile; fileRef = 84E3D71A25021C8D0083363A /* AppDelegate.swift */; };
		84E3D71D25021C8D0083363A /* SceneDelegate.swift in Sources */ = {isa = PBXBuildFile; fileRef = 84E3D71C25021C8D0083363A /* SceneDelegate.swift */; };
		84E3D71F25021C8D0083363A /* ContentView.swift in Sources */ = {isa = PBXBuildFile; fileRef = 84E3D71E25021C8D0083363A /* ContentView.swift */; };
		84E3D72125021C8E0083363A /* Assets.xcassets in Resources */ = {isa = PBXBuildFile; fileRef = 84E3D72025021C8E0083363A /* Assets.xcassets */; };
		84E3D72425021C8E0083363A /* Preview Assets.xcassets in Resources */ = {isa = PBXBuildFile; fileRef = 84E3D72325021C8E0083363A /* Preview Assets.xcassets */; };
		84E3D72725021C8E0083363A /* LaunchScreen.storyboard in Resources */ = {isa = PBXBuildFile; fileRef = 84E3D72525021C8E0083363A /* LaunchScreen.storyboard */; };
		84E3D73225021C8E0083363A /* SwiftUIControllersTests.swift in Sources */ = {isa = PBXBuildFile; fileRef = 84E3D73125021C8E0083363A /* SwiftUIControllersTests.swift */; };
		84E3D73D25021C8E0083363A /* SwiftUIControllersUITests.swift in Sources */ = {isa = PBXBuildFile; fileRef = 84E3D73C25021C8E0083363A /* SwiftUIControllersUITests.swift */; };
		84E3D74B25021E3D0083363A /* MyButton.swift in Sources */ = {isa = PBXBuildFile; fileRef = 84E3D74A25021E3D0083363A /* MyButton.swift */; };
/* End PBXBuildFile section */

/* Begin PBXContainerItemProxy section */
		84E3D72E25021C8E0083363A /* PBXContainerItemProxy */ = {
			isa = PBXContainerItemProxy;
			containerPortal = 84E3D70F25021C8D0083363A /* Project object */;
			proxyType = 1;
			remoteGlobalIDString = 84E3D71625021C8D0083363A;
			remoteInfo = SwiftUIControllers;
		};
		84E3D73925021C8E0083363A /* PBXContainerItemProxy */ = {
			isa = PBXContainerItemProxy;
			containerPortal = 84E3D70F25021C8D0083363A /* Project object */;
			proxyType = 1;
			remoteGlobalIDString = 84E3D71625021C8D0083363A;
			remoteInfo = SwiftUIControllers;
		};
/* End PBXContainerItemProxy section */

/* Begin PBXFileReference section */
		84E3D71725021C8D0083363A /* SwiftUIControllers.app */ = {isa = PBXFileReference; explicitFileType = wrapper.application; includeInIndex = 0; path = SwiftUIControllers.app; sourceTree = BUILT_PRODUCTS_DIR; };
		84E3D71A25021C8D0083363A /* AppDelegate.swift */ = {isa = PBXFileReference; lastKnownFileType = sourcecode.swift; path = AppDelegate.swift; sourceTree = "<group>"; };
		84E3D71C25021C8D0083363A /* SceneDelegate.swift */ = {isa = PBXFileReference; lastKnownFileType = sourcecode.swift; path = SceneDelegate.swift; sourceTree = "<group>"; };
		84E3D71E25021C8D0083363A /* ContentView.swift */ = {isa = PBXFileReference; lastKnownFileType = sourcecode.swift; path = ContentView.swift; sourceTree = "<group>"; };
		84E3D72025021C8E0083363A /* Assets.xcassets */ = {isa = PBXFileReference; lastKnownFileType = folder.assetcatalog; path = Assets.xcassets; sourceTree = "<group>"; };
		84E3D72325021C8E0083363A /* Preview Assets.xcassets */ = {isa = PBXFileReference; lastKnownFileType = folder.assetcatalog; path = "Preview Assets.xcassets"; sourceTree = "<group>"; };
		84E3D72625021C8E0083363A /* Base */ = {isa = PBXFileReference; lastKnownFileType = file.storyboard; name = Base; path = Base.lproj/LaunchScreen.storyboard; sourceTree = "<group>"; };
		84E3D72825021C8E0083363A /* Info.plist */ = {isa = PBXFileReference; lastKnownFileType = text.plist.xml; path = Info.plist; sourceTree = "<group>"; };
		84E3D72D25021C8E0083363A /* SwiftUIControllersTests.xctest */ = {isa = PBXFileReference; explicitFileType = wrapper.cfbundle; includeInIndex = 0; path = SwiftUIControllersTests.xctest; sourceTree = BUILT_PRODUCTS_DIR; };
		84E3D73125021C8E0083363A /* SwiftUIControllersTests.swift */ = {isa = PBXFileReference; lastKnownFileType = sourcecode.swift; path = SwiftUIControllersTests.swift; sourceTree = "<group>"; };
		84E3D73325021C8E0083363A /* Info.plist */ = {isa = PBXFileReference; lastKnownFileType = text.plist.xml; path = Info.plist; sourceTree = "<group>"; };
		84E3D73825021C8E0083363A /* SwiftUIControllersUITests.xctest */ = {isa = PBXFileReference; explicitFileType = wrapper.cfbundle; includeInIndex = 0; path = SwiftUIControllersUITests.xctest; sourceTree = BUILT_PRODUCTS_DIR; };
		84E3D73C25021C8E0083363A /* SwiftUIControllersUITests.swift */ = {isa = PBXFileReference; lastKnownFileType = sourcecode.swift; path = SwiftUIControllersUITests.swift; sourceTree = "<group>"; };
		84E3D73E25021C8E0083363A /* Info.plist */ = {isa = PBXFileReference; lastKnownFileType = text.plist.xml; path = Info.plist; sourceTree = "<group>"; };
		84E3D74A25021E3D0083363A /* MyButton.swift */ = {isa = PBXFileReference; lastKnownFileType = sourcecode.swift; name = MyButton.swift; path = SwiftUIControllers/Controls/MyButton.swift; sourceTree = SOURCE_ROOT; };
/* End PBXFileReference section */

/* Begin PBXFrameworksBuildPhase section */
		84E3D71425021C8D0083363A /* Frameworks */ = {
			isa = PBXFrameworksBuildPhase;
			buildActionMask = 2147483647;
			files = (
			);
			runOnlyForDeploymentPostprocessing = 0;
		};
		84E3D72A25021C8E0083363A /* Frameworks */ = {
			isa = PBXFrameworksBuildPhase;
			buildActionMask = 2147483647;
			files = (
			);
			runOnlyForDeploymentPostprocessing = 0;
		};
		84E3D73525021C8E0083363A /* Frameworks */ = {
			isa = PBXFrameworksBuildPhase;
			buildActionMask = 2147483647;
			files = (
			);
			runOnlyForDeploymentPostprocessing = 0;
		};
/* End PBXFrameworksBuildPhase section */

/* Begin PBXGroup section */
		84E3D70E25021C8D0083363A = {
			isa = PBXGroup;
			children = (
				84E3D71925021C8D0083363A /* SwiftUIControllers */,
				84E3D73025021C8E0083363A /* SwiftUIControllersTests */,
				84E3D73B25021C8E0083363A /* SwiftUIControllersUITests */,
				84E3D71825021C8D0083363A /* Products */,
			);
			sourceTree = "<group>";
		};
		84E3D71825021C8D0083363A /* Products */ = {
			isa = PBXGroup;
			children = (
				84E3D71725021C8D0083363A /* SwiftUIControllers.app */,
				84E3D72D25021C8E0083363A /* SwiftUIControllersTests.xctest */,
				84E3D73825021C8E0083363A /* SwiftUIControllersUITests.xctest */,
			);
			name = Products;
			sourceTree = "<group>";
		};
		84E3D71925021C8D0083363A /* SwiftUIControllers */ = {
			isa = PBXGroup;
			children = (
				84E3D74C25021E510083363A /* Controls */,
				84E3D71A25021C8D0083363A /* AppDelegate.swift */,
				84E3D71E25021C8D0083363A /* ContentView.swift */,
				84E3D71C25021C8D0083363A /* SceneDelegate.swift */,
				84E3D72025021C8E0083363A /* Assets.xcassets */,
				84E3D72525021C8E0083363A /* LaunchScreen.storyboard */,
				84E3D72825021C8E0083363A /* Info.plist */,
				84E3D72225021C8E0083363A /* Preview Content */,
			);
			path = SwiftUIControllers;
			sourceTree = "<group>";
		};
		84E3D72225021C8E0083363A /* Preview Content */ = {
			isa = PBXGroup;
			children = (
				84E3D72325021C8E0083363A /* Preview Assets.xcassets */,
			);
			path = "Preview Content";
			sourceTree = "<group>";
		};
		84E3D73025021C8E0083363A /* SwiftUIControllersTests */ = {
			isa = PBXGroup;
			children = (
				84E3D73125021C8E0083363A /* SwiftUIControllersTests.swift */,
				84E3D73325021C8E0083363A /* Info.plist */,
			);
			path = SwiftUIControllersTests;
			sourceTree = "<group>";
		};
		84E3D73B25021C8E0083363A /* SwiftUIControllersUITests */ = {
			isa = PBXGroup;
			children = (
				84E3D73C25021C8E0083363A /* SwiftUIControllersUITests.swift */,
				84E3D73E25021C8E0083363A /* Info.plist */,
			);
			path = SwiftUIControllersUITests;
			sourceTree = "<group>";
		};
		84E3D74C25021E510083363A /* Controls */ = {
			isa = PBXGroup;
			children = (
				84E3D74A25021E3D0083363A /* MyButton.swift */,
			);
			path = Controls;
			sourceTree = "<group>";
		};
/* End PBXGroup section */

/* Begin PBXNativeTarget section */
		84E3D71625021C8D0083363A /* SwiftUIControllers */ = {
			isa = PBXNativeTarget;
			buildConfigurationList = 84E3D74125021C8E0083363A /* Build configuration list for PBXNativeTarget "SwiftUIControllers" */;
			buildPhases = (
				84E3D71325021C8D0083363A /* Sources */,
				84E3D71425021C8D0083363A /* Frameworks */,
				84E3D71525021C8D0083363A /* Resources */,
			);
			buildRules = (
			);
			dependencies = (
			);
			name = SwiftUIControllers;
			productName = SwiftUIControllers;
			productReference = 84E3D71725021C8D0083363A /* SwiftUIControllers.app */;
			productType = "com.apple.product-type.application";
		};
		84E3D72C25021C8E0083363A /* SwiftUIControllersTests */ = {
			isa = PBXNativeTarget;
			buildConfigurationList = 84E3D74425021C8E0083363A /* Build configuration list for PBXNativeTarget "SwiftUIControllersTests" */;
			buildPhases = (
				84E3D72925021C8E0083363A /* Sources */,
				84E3D72A25021C8E0083363A /* Frameworks */,
				84E3D72B25021C8E0083363A /* Resources */,
			);
			buildRules = (
			);
			dependencies = (
				84E3D72F25021C8E0083363A /* PBXTargetDependency */,
			);
			name = SwiftUIControllersTests;
			productName = SwiftUIControllersTests;
			productReference = 84E3D72D25021C8E0083363A /* SwiftUIControllersTests.xctest */;
			productType = "com.apple.product-type.bundle.unit-test";
		};
		84E3D73725021C8E0083363A /* SwiftUIControllersUITests */ = {
			isa = PBXNativeTarget;
			buildConfigurationList = 84E3D74725021C8E0083363A /* Build configuration list for PBXNativeTarget "SwiftUIControllersUITests" */;
			buildPhases = (
				84E3D73425021C8E0083363A /* Sources */,
				84E3D73525021C8E0083363A /* Frameworks */,
				84E3D73625021C8E0083363A /* Resources */,
			);
			buildRules = (
			);
			dependencies = (
				84E3D73A25021C8E0083363A /* PBXTargetDependency */,
			);
			name = SwiftUIControllersUITests;
			productName = SwiftUIControllersUITests;
			productReference = 84E3D73825021C8E0083363A /* SwiftUIControllersUITests.xctest */;
			productType = "com.apple.product-type.bundle.ui-testing";
		};
/* End PBXNativeTarget section */

/* Begin PBXProject section */
		84E3D70F25021C8D0083363A /* Project object */ = {
			isa = PBXProject;
			attributes = {
				LastSwiftUpdateCheck = 1170;
				LastUpgradeCheck = 1170;
				ORGANIZATIONNAME = admin;
				TargetAttributes = {
					84E3D71625021C8D0083363A = {
						CreatedOnToolsVersion = 11.7;
					};
					84E3D72C25021C8E0083363A = {
						CreatedOnToolsVersion = 11.7;
						TestTargetID = 84E3D71625021C8D0083363A;
					};
					84E3D73725021C8E0083363A = {
						CreatedOnToolsVersion = 11.7;
						TestTargetID = 84E3D71625021C8D0083363A;
					};
				};
			};
			buildConfigurationList = 84E3D71225021C8D0083363A /* Build configuration list for PBXProject "SwiftUIControllers" */;
			compatibilityVersion = "Xcode 9.3";
			developmentRegion = en;
			hasScannedForEncodings = 0;
			knownRegions = (
				en,
				Base,
			);
			mainGroup = 84E3D70E25021C8D0083363A;
			productRefGroup = 84E3D71825021C8D0083363A /* Products */;
			projectDirPath = "";
			projectRoot = "";
			targets = (
				84E3D71625021C8D0083363A /* SwiftUIControllers */,
				84E3D72C25021C8E0083363A /* SwiftUIControllersTests */,
				84E3D73725021C8E0083363A /* SwiftUIControllersUITests */,
			);
		};
/* End PBXProject section */

/* Begin PBXResourcesBuildPhase section */
		84E3D71525021C8D0083363A /* Resources */ = {
			isa = PBXResourcesBuildPhase;
			buildActionMask = 2147483647;
			files = (
				84E3D72725021C8E0083363A /* LaunchScreen.storyboard in Resources */,
				84E3D72425021C8E0083363A /* Preview Assets.xcassets in Resources */,
				84E3D72125021C8E0083363A /* Assets.xcassets in Resources */,
			);
			runOnlyForDeploymentPostprocessing = 0;
		};
		84E3D72B25021C8E0083363A /* Resources */ = {
			isa = PBXResourcesBuildPhase;
			buildActionMask = 2147483647;
			files = (
			);
			runOnlyForDeploymentPostprocessing = 0;
		};
		84E3D73625021C8E0083363A /* Resources */ = {
			isa = PBXResourcesBuildPhase;
			buildActionMask = 2147483647;
			files = (
			);
			runOnlyForDeploymentPostprocessing = 0;
		};
/* End PBXResourcesBuildPhase section */

/* Begin PBXSourcesBuildPhase section */
		84E3D71325021C8D0083363A /* Sources */ = {
			isa = PBXSourcesBuildPhase;
			buildActionMask = 2147483647;
			files = (
				84E3D71B25021C8D0083363A /* AppDelegate.swift in Sources */,
				84E3D71D25021C8D0083363A /* SceneDelegate.swift in Sources */,
				84E3D71F25021C8D0083363A /* ContentView.swift in Sources */,
				84E3D74B25021E3D0083363A /* MyButton.swift in Sources */,
			);
			runOnlyForDeploymentPostprocessing = 0;
		};
		84E3D72925021C8E0083363A /* Sources */ = {
			isa = PBXSourcesBuildPhase;
			buildActionMask = 2147483647;
			files = (
				84E3D73225021C8E0083363A /* SwiftUIControllersTests.swift in Sources */,
			);
			runOnlyForDeploymentPostprocessing = 0;
		};
		84E3D73425021C8E0083363A /* Sources */ = {
			isa = PBXSourcesBuildPhase;
			buildActionMask = 2147483647;
			files = (
				84E3D73D25021C8E0083363A /* SwiftUIControllersUITests.swift in Sources */,
			);
			runOnlyForDeploymentPostprocessing = 0;
		};
/* End PBXSourcesBuildPhase section */

/* Begin PBXTargetDependency section */
		84E3D72F25021C8E0083363A /* PBXTargetDependency */ = {
			isa = PBXTargetDependency;
			target = 84E3D71625021C8D0083363A /* SwiftUIControllers */;
			targetProxy = 84E3D72E25021C8E0083363A /* PBXContainerItemProxy */;
		};
		84E3D73A25021C8E0083363A /* PBXTargetDependency */ = {
			isa = PBXTargetDependency;
			target = 84E3D71625021C8D0083363A /* SwiftUIControllers */;
			targetProxy = 84E3D73925021C8E0083363A /* PBXContainerItemProxy */;
		};
/* End PBXTargetDependency section */

/* Begin PBXVariantGroup section */
		84E3D72525021C8E0083363A /* LaunchScreen.storyboard */ = {
			isa = PBXVariantGroup;
			children = (
				84E3D72625021C8E0083363A /* Base */,
			);
			name = LaunchScreen.storyboard;
			sourceTree = "<group>";
		};
/* End PBXVariantGroup section */

/* Begin XCBuildConfiguration section */
		84E3D73F25021C8E0083363A /* Debug */ = {
			isa = XCBuildConfiguration;
			buildSettings = {
				ALWAYS_SEARCH_USER_PATHS = NO;
				CLANG_ANALYZER_NONNULL = YES;
				CLANG_ANALYZER_NUMBER_OBJECT_CONVERSION = YES_AGGRESSIVE;
				CLANG_CXX_LANGUAGE_STANDARD = "gnu++14";
				CLANG_CXX_LIBRARY = "libc++";
				CLANG_ENABLE_MODULES = YES;
				CLANG_ENABLE_OBJC_ARC = YES;
				CLANG_ENABLE_OBJC_WEAK = YES;
				CLANG_WARN_BLOCK_CAPTURE_AUTORELEASING = YES;
				CLANG_WARN_BOOL_CONVERSION = YES;
				CLANG_WARN_COMMA = YES;
				CLANG_WARN_CONSTANT_CONVERSION = YES;
				CLANG_WARN_DEPRECATED_OBJC_IMPLEMENTATIONS = YES;
				CLANG_WARN_DIRECT_OBJC_ISA_USAGE = YES_ERROR;
				CLANG_WARN_DOCUMENTATION_COMMENTS = YES;
				CLANG_WARN_EMPTY_BODY = YES;
				CLANG_WARN_ENUM_CONVERSION = YES;
				CLANG_WARN_INFINITE_RECURSION = YES;
				CLANG_WARN_INT_CONVERSION = YES;
				CLANG_WARN_NON_LITERAL_NULL_CONVERSION = YES;
				CLANG_WARN_OBJC_IMPLICIT_RETAIN_SELF = YES;
				CLANG_WARN_OBJC_LITERAL_CONVERSION = YES;
				CLANG_WARN_OBJC_ROOT_CLASS = YES_ERROR;
				CLANG_WARN_RANGE_LOOP_ANALYSIS = YES;
				CLANG_WARN_STRICT_PROTOTYPES = YES;
				CLANG_WARN_SUSPICIOUS_MOVE = YES;
				CLANG_WARN_UNGUARDED_AVAILABILITY = YES_AGGRESSIVE;
				CLANG_WARN_UNREACHABLE_CODE = YES;
				CLANG_WARN__DUPLICATE_METHOD_MATCH = YES;
				COPY_PHASE_STRIP = NO;
				DEBUG_INFORMATION_FORMAT = dwarf;
				ENABLE_STRICT_OBJC_MSGSEND = YES;
				ENABLE_TESTABILITY = YES;
				GCC_C_LANGUAGE_STANDARD = gnu11;
				GCC_DYNAMIC_NO_PIC = NO;
				GCC_NO_COMMON_BLOCKS = YES;
				GCC_OPTIMIZATION_LEVEL = 0;
				GCC_PREPROCESSOR_DEFINITIONS = (
					"DEBUG=1",
					"$(inherited)",
				);
				GCC_WARN_64_TO_32_BIT_CONVERSION = YES;
				GCC_WARN_ABOUT_RETURN_TYPE = YES_ERROR;
				GCC_WARN_UNDECLARED_SELECTOR = YES;
				GCC_WARN_UNINITIALIZED_AUTOS = YES_AGGRESSIVE;
				GCC_WARN_UNUSED_FUNCTION = YES;
				GCC_WARN_UNUSED_VARIABLE = YES;
				IPHONEOS_DEPLOYMENT_TARGET = 13.7;
				MTL_ENABLE_DEBUG_INFO = INCLUDE_SOURCE;
				MTL_FAST_MATH = YES;
				ONLY_ACTIVE_ARCH = YES;
				SDKROOT = iphoneos;
				SWIFT_ACTIVE_COMPILATION_CONDITIONS = DEBUG;
				SWIFT_OPTIMIZATION_LEVEL = "-Onone";
			};
			name = Debug;
		};
		84E3D74025021C8E0083363A /* Release */ = {
			isa = XCBuildConfiguration;
			buildSettings = {
				ALWAYS_SEARCH_USER_PATHS = NO;
				CLANG_ANALYZER_NONNULL = YES;
				CLANG_ANALYZER_NUMBER_OBJECT_CONVERSION = YES_AGGRESSIVE;
				CLANG_CXX_LANGUAGE_STANDARD = "gnu++14";
				CLANG_CXX_LIBRARY = "libc++";
				CLANG_ENABLE_MODULES = YES;
				CLANG_ENABLE_OBJC_ARC = YES;
				CLANG_ENABLE_OBJC_WEAK = YES;
				CLANG_WARN_BLOCK_CAPTURE_AUTORELEASING = YES;
				CLANG_WARN_BOOL_CONVERSION = YES;
				CLANG_WARN_COMMA = YES;
				CLANG_WARN_CONSTANT_CONVERSION = YES;
				CLANG_WARN_DEPRECATED_OBJC_IMPLEMENTATIONS = YES;
				CLANG_WARN_DIRECT_OBJC_ISA_USAGE = YES_ERROR;
				CLANG_WARN_DOCUMENTATION_COMMENTS = YES;
				CLANG_WARN_EMPTY_BODY = YES;
				CLANG_WARN_ENUM_CONVERSION = YES;
				CLANG_WARN_INFINITE_RECURSION = YES;
				CLANG_WARN_INT_CONVERSION = YES;
				CLANG_WARN_NON_LITERAL_NULL_CONVERSION = YES;
				CLANG_WARN_OBJC_IMPLICIT_RETAIN_SELF = YES;
				CLANG_WARN_OBJC_LITERAL_CONVERSION = YES;
				CLANG_WARN_OBJC_ROOT_CLASS = YES_ERROR;
				CLANG_WARN_RANGE_LOOP_ANALYSIS = YES;
				CLANG_WARN_STRICT_PROTOTYPES = YES;
				CLANG_WARN_SUSPICIOUS_MOVE = YES;
				CLANG_WARN_UNGUARDED_AVAILABILITY = YES_AGGRESSIVE;
				CLANG_WARN_UNREACHABLE_CODE = YES;
				CLANG_WARN__DUPLICATE_METHOD_MATCH = YES;
				COPY_PHASE_STRIP = NO;
				DEBUG_INFORMATION_FORMAT = "dwarf-with-dsym";
				ENABLE_NS_ASSERTIONS = NO;
				ENABLE_STRICT_OBJC_MSGSEND = YES;
				GCC_C_LANGUAGE_STANDARD = gnu11;
				GCC_NO_COMMON_BLOCKS = YES;
				GCC_WARN_64_TO_32_BIT_CONVERSION = YES;
				GCC_WARN_ABOUT_RETURN_TYPE = YES_ERROR;
				GCC_WARN_UNDECLARED_SELECTOR = YES;
				GCC_WARN_UNINITIALIZED_AUTOS = YES_AGGRESSIVE;
				GCC_WARN_UNUSED_FUNCTION = YES;
				GCC_WARN_UNUSED_VARIABLE = YES;
				IPHONEOS_DEPLOYMENT_TARGET = 13.7;
				MTL_ENABLE_DEBUG_INFO = NO;
				MTL_FAST_MATH = YES;
				SDKROOT = iphoneos;
				SWIFT_COMPILATION_MODE = wholemodule;
				SWIFT_OPTIMIZATION_LEVEL = "-O";
				VALIDATE_PRODUCT = YES;
			};
			name = Release;
		};
		84E3D74225021C8E0083363A /* Debug */ = {
			isa = XCBuildConfiguration;
			buildSettings = {
				ASSETCATALOG_COMPILER_APPICON_NAME = AppIcon;
				CODE_SIGN_STYLE = Automatic;
				DEVELOPMENT_ASSET_PATHS = "\"SwiftUIControllers/Preview Content\"";
				ENABLE_PREVIEWS = YES;
				INFOPLIST_FILE = SwiftUIControllers/Info.plist;
				LD_RUNPATH_SEARCH_PATHS = (
					"$(inherited)",
					"@executable_path/Frameworks",
				);
				PRODUCT_BUNDLE_IDENTIFIER = exercise.SwiftUIControllers;
				PRODUCT_NAME = "$(TARGET_NAME)";
				SWIFT_VERSION = 5.0;
				TARGETED_DEVICE_FAMILY = "1,2";
			};
			name = Debug;
		};
		84E3D74325021C8E0083363A /* Release */ = {
			isa = XCBuildConfiguration;
			buildSettings = {
				ASSETCATALOG_COMPILER_APPICON_NAME = AppIcon;
				CODE_SIGN_STYLE = Automatic;
				DEVELOPMENT_ASSET_PATHS = "\"SwiftUIControllers/Preview Content\"";
				ENABLE_PREVIEWS = YES;
				INFOPLIST_FILE = SwiftUIControllers/Info.plist;
				LD_RUNPATH_SEARCH_PATHS = (
					"$(inherited)",
					"@executable_path/Frameworks",
				);
				PRODUCT_BUNDLE_IDENTIFIER = exercise.SwiftUIControllers;
				PRODUCT_NAME = "$(TARGET_NAME)";
				SWIFT_VERSION = 5.0;
				TARGETED_DEVICE_FAMILY = "1,2";
			};
			name = Release;
		};
		84E3D74525021C8E0083363A /* Debug */ = {
			isa = XCBuildConfiguration;
			buildSettings = {
				ALWAYS_EMBED_SWIFT_STANDARD_LIBRARIES = YES;
				BUNDLE_LOADER = "$(TEST_HOST)";
				CODE_SIGN_STYLE = Automatic;
				INFOPLIST_FILE = SwiftUIControllersTests/Info.plist;
				IPHONEOS_DEPLOYMENT_TARGET = 13.7;
				LD_RUNPATH_SEARCH_PATHS = (
					"$(inherited)",
					"@executable_path/Frameworks",
					"@loader_path/Frameworks",
				);
				PRODUCT_BUNDLE_IDENTIFIER = exercise.SwiftUIControllersTests;
				PRODUCT_NAME = "$(TARGET_NAME)";
				SWIFT_VERSION = 5.0;
				TARGETED_DEVICE_FAMILY = "1,2";
				TEST_HOST = "$(BUILT_PRODUCTS_DIR)/SwiftUIControllers.app/SwiftUIControllers";
			};
			name = Debug;
		};
		84E3D74625021C8E0083363A /* Release */ = {
			isa = XCBuildConfiguration;
			buildSettings = {
				ALWAYS_EMBED_SWIFT_STANDARD_LIBRARIES = YES;
				BUNDLE_LOADER = "$(TEST_HOST)";
				CODE_SIGN_STYLE = Automatic;
				INFOPLIST_FILE = SwiftUIControllersTests/Info.plist;
				IPHONEOS_DEPLOYMENT_TARGET = 13.7;
				LD_RUNPATH_SEARCH_PATHS = (
					"$(inherited)",
					"@executable_path/Frameworks",
					"@loader_path/Frameworks",
				);
				PRODUCT_BUNDLE_IDENTIFIER = exercise.SwiftUIControllersTests;
				PRODUCT_NAME = "$(TARGET_NAME)";
				SWIFT_VERSION = 5.0;
				TARGETED_DEVICE_FAMILY = "1,2";
				TEST_HOST = "$(BUILT_PRODUCTS_DIR)/SwiftUIControllers.app/SwiftUIControllers";
			};
			name = Release;
		};
		84E3D74825021C8E0083363A /* Debug */ = {
			isa = XCBuildConfiguration;
			buildSettings = {
				ALWAYS_EMBED_SWIFT_STANDARD_LIBRARIES = YES;
				CODE_SIGN_STYLE = Automatic;
				INFOPLIST_FILE = SwiftUIControllersUITests/Info.plist;
				LD_RUNPATH_SEARCH_PATHS = (
					"$(inherited)",
					"@executable_path/Frameworks",
					"@loader_path/Frameworks",
				);
				PRODUCT_BUNDLE_IDENTIFIER = exercise.SwiftUIControllersUITests;
				PRODUCT_NAME = "$(TARGET_NAME)";
				SWIFT_VERSION = 5.0;
				TARGETED_DEVICE_FAMILY = "1,2";
				TEST_TARGET_NAME = SwiftUIControllers;
			};
			name = Debug;
		};
		84E3D74925021C8E0083363A /* Release */ = {
			isa = XCBuildConfiguration;
			buildSettings = {
				ALWAYS_EMBED_SWIFT_STANDARD_LIBRARIES = YES;
				CODE_SIGN_STYLE = Automatic;
				INFOPLIST_FILE = SwiftUIControllersUITests/Info.plist;
				LD_RUNPATH_SEARCH_PATHS = (
					"$(inherited)",
					"@executable_path/Frameworks",
					"@loader_path/Frameworks",
				);
				PRODUCT_BUNDLE_IDENTIFIER = exercise.SwiftUIControllersUITests;
				PRODUCT_NAME = "$(TARGET_NAME)";
				SWIFT_VERSION = 5.0;
				TARGETED_DEVICE_FAMILY = "1,2";
				TEST_TARGET_NAME = SwiftUIControllers;
			};
			name = Release;
		};
/* End XCBuildConfiguration section */

/* Begin XCConfigurationList section */
		84E3D71225021C8D0083363A /* Build configuration list for PBXProject "SwiftUIControllers" */ = {
			isa = XCConfigurationList;
			buildConfigurations = (
				84E3D73F25021C8E0083363A /* Debug */,
				84E3D74025021C8E0083363A /* Release */,
			);
			defaultConfigurationIsVisible = 0;
			defaultConfigurationName = Release;
		};
		84E3D74125021C8E0083363A /* Build configuration list for PBXNativeTarget "SwiftUIControllers" */ = {
			isa = XCConfigurationList;
			buildConfigurations = (
				84E3D74225021C8E0083363A /* Debug */,
				84E3D74325021C8E0083363A /* Release */,
			);
			defaultConfigurationIsVisible = 0;
			defaultConfigurationName = Release;
		};
		84E3D74425021C8E0083363A /* Build configuration list for PBXNativeTarget "SwiftUIControllersTests" */ = {
			isa = XCConfigurationList;
			buildConfigurations = (
				84E3D74525021C8E0083363A /* Debug */,
				84E3D74625021C8E0083363A /* Release */,
			);
			defaultConfigurationIsVisible = 0;
			defaultConfigurationName = Release;
		};
		84E3D74725021C8E0083363A /* Build configuration list for PBXNativeTarget "SwiftUIControllersUITests" */ = {
			isa = XCConfigurationList;
			buildConfigurations = (
				84E3D74825021C8E0083363A /* Debug */,
				84E3D74925021C8E0083363A /* Release */,
			);
			defaultConfigurationIsVisible = 0;
			defaultConfigurationName = Release;
		};
/* End XCConfigurationList section */
	};
	rootObject = 84E3D70F25021C8D0083363A /* Project object */;
}
