// !$*UTF8*$!
{
	archiveVersion = 1;
	classes = {
	};
	objectVersion = 50;
	objects = {

/* Begin PBXBuildFile section */
		843CF3CA24FECF92002F1B06 /* AppDelegate.swift in Sources */ = {isa = PBXBuildFile; fileRef = 843CF3C924FECF92002F1B06 /* AppDelegate.swift */; };
		843CF3CC24FECF92002F1B06 /* SceneDelegate.swift in Sources */ = {isa = PBXBuildFile; fileRef = 843CF3CB24FECF92002F1B06 /* SceneDelegate.swift */; };
		843CF3CE24FECF92002F1B06 /* ContentView.swift in Sources */ = {isa = PBXBuildFile; fileRef = 843CF3CD24FECF92002F1B06 /* ContentView.swift */; };
		843CF3D024FECF94002F1B06 /* Assets.xcassets in Resources */ = {isa = PBXBuildFile; fileRef = 843CF3CF24FECF94002F1B06 /* Assets.xcassets */; };
		843CF3D324FECF94002F1B06 /* Preview Assets.xcassets in Resources */ = {isa = PBXBuildFile; fileRef = 843CF3D224FECF94002F1B06 /* Preview Assets.xcassets */; };
		843CF3D624FECF94002F1B06 /* LaunchScreen.storyboard in Resources */ = {isa = PBXBuildFile; fileRef = 843CF3D424FECF94002F1B06 /* LaunchScreen.storyboard */; };
		843CF3E124FECF95002F1B06 /* BusinessCardsTests.swift in Sources */ = {isa = PBXBuildFile; fileRef = 843CF3E024FECF95002F1B06 /* BusinessCardsTests.swift */; };
		843CF3EC24FECF95002F1B06 /* BusinessCardsUITests.swift in Sources */ = {isa = PBXBuildFile; fileRef = 843CF3EB24FECF95002F1B06 /* BusinessCardsUITests.swift */; };
/* End PBXBuildFile section */

/* Begin PBXContainerItemProxy section */
		843CF3DD24FECF95002F1B06 /* PBXContainerItemProxy */ = {
			isa = PBXContainerItemProxy;
			containerPortal = 843CF3BE24FECF92002F1B06 /* Project object */;
			proxyType = 1;
			remoteGlobalIDString = 843CF3C524FECF92002F1B06;
			remoteInfo = BusinessCards;
		};
		843CF3E824FECF95002F1B06 /* PBXContainerItemProxy */ = {
			isa = PBXContainerItemProxy;
			containerPortal = 843CF3BE24FECF92002F1B06 /* Project object */;
			proxyType = 1;
			remoteGlobalIDString = 843CF3C524FECF92002F1B06;
			remoteInfo = BusinessCards;
		};
/* End PBXContainerItemProxy section */

/* Begin PBXFileReference section */
		843CF3C624FECF92002F1B06 /* BusinessCards.app */ = {isa = PBXFileReference; explicitFileType = wrapper.application; includeInIndex = 0; path = BusinessCards.app; sourceTree = BUILT_PRODUCTS_DIR; };
		843CF3C924FECF92002F1B06 /* AppDelegate.swift */ = {isa = PBXFileReference; lastKnownFileType = sourcecode.swift; path = AppDelegate.swift; sourceTree = "<group>"; };
		843CF3CB24FECF92002F1B06 /* SceneDelegate.swift */ = {isa = PBXFileReference; lastKnownFileType = sourcecode.swift; path = SceneDelegate.swift; sourceTree = "<group>"; };
		843CF3CD24FECF92002F1B06 /* ContentView.swift */ = {isa = PBXFileReference; lastKnownFileType = sourcecode.swift; path = ContentView.swift; sourceTree = "<group>"; };
		843CF3CF24FECF94002F1B06 /* Assets.xcassets */ = {isa = PBXFileReference; lastKnownFileType = folder.assetcatalog; path = Assets.xcassets; sourceTree = "<group>"; };
		843CF3D224FECF94002F1B06 /* Preview Assets.xcassets */ = {isa = PBXFileReference; lastKnownFileType = folder.assetcatalog; path = "Preview Assets.xcassets"; sourceTree = "<group>"; };
		843CF3D524FECF94002F1B06 /* Base */ = {isa = PBXFileReference; lastKnownFileType = file.storyboard; name = Base; path = Base.lproj/LaunchScreen.storyboard; sourceTree = "<group>"; };
		843CF3D724FECF94002F1B06 /* Info.plist */ = {isa = PBXFileReference; lastKnownFileType = text.plist.xml; path = Info.plist; sourceTree = "<group>"; };
		843CF3DC24FECF95002F1B06 /* BusinessCardsTests.xctest */ = {isa = PBXFileReference; explicitFileType = wrapper.cfbundle; includeInIndex = 0; path = BusinessCardsTests.xctest; sourceTree = BUILT_PRODUCTS_DIR; };
		843CF3E024FECF95002F1B06 /* BusinessCardsTests.swift */ = {isa = PBXFileReference; lastKnownFileType = sourcecode.swift; path = BusinessCardsTests.swift; sourceTree = "<group>"; };
		843CF3E224FECF95002F1B06 /* Info.plist */ = {isa = PBXFileReference; lastKnownFileType = text.plist.xml; path = Info.plist; sourceTree = "<group>"; };
		843CF3E724FECF95002F1B06 /* BusinessCardsUITests.xctest */ = {isa = PBXFileReference; explicitFileType = wrapper.cfbundle; includeInIndex = 0; path = BusinessCardsUITests.xctest; sourceTree = BUILT_PRODUCTS_DIR; };
		843CF3EB24FECF95002F1B06 /* BusinessCardsUITests.swift */ = {isa = PBXFileReference; lastKnownFileType = sourcecode.swift; path = BusinessCardsUITests.swift; sourceTree = "<group>"; };
		843CF3ED24FECF95002F1B06 /* Info.plist */ = {isa = PBXFileReference; lastKnownFileType = text.plist.xml; path = Info.plist; sourceTree = "<group>"; };
/* End PBXFileReference section */

/* Begin PBXFrameworksBuildPhase section */
		843CF3C324FECF92002F1B06 /* Frameworks */ = {
			isa = PBXFrameworksBuildPhase;
			buildActionMask = 2147483647;
			files = (
			);
			runOnlyForDeploymentPostprocessing = 0;
		};
		843CF3D924FECF95002F1B06 /* Frameworks */ = {
			isa = PBXFrameworksBuildPhase;
			buildActionMask = 2147483647;
			files = (
			);
			runOnlyForDeploymentPostprocessing = 0;
		};
		843CF3E424FECF95002F1B06 /* Frameworks */ = {
			isa = PBXFrameworksBuildPhase;
			buildActionMask = 2147483647;
			files = (
			);
			runOnlyForDeploymentPostprocessing = 0;
		};
/* End PBXFrameworksBuildPhase section */

/* Begin PBXGroup section */
		843CF3BD24FECF92002F1B06 = {
			isa = PBXGroup;
			children = (
				843CF3C824FECF92002F1B06 /* BusinessCards */,
				843CF3DF24FECF95002F1B06 /* BusinessCardsTests */,
				843CF3EA24FECF95002F1B06 /* BusinessCardsUITests */,
				843CF3C724FECF92002F1B06 /* Products */,
			);
			sourceTree = "<group>";
		};
		843CF3C724FECF92002F1B06 /* Products */ = {
			isa = PBXGroup;
			children = (
				843CF3C624FECF92002F1B06 /* BusinessCards.app */,
				843CF3DC24FECF95002F1B06 /* BusinessCardsTests.xctest */,
				843CF3E724FECF95002F1B06 /* BusinessCardsUITests.xctest */,
			);
			name = Products;
			sourceTree = "<group>";
		};
		843CF3C824FECF92002F1B06 /* BusinessCards */ = {
			isa = PBXGroup;
			children = (
				843CF3C924FECF92002F1B06 /* AppDelegate.swift */,
				843CF3CB24FECF92002F1B06 /* SceneDelegate.swift */,
				843CF3CD24FECF92002F1B06 /* ContentView.swift */,
				843CF3CF24FECF94002F1B06 /* Assets.xcassets */,
				843CF3D424FECF94002F1B06 /* LaunchScreen.storyboard */,
				843CF3D724FECF94002F1B06 /* Info.plist */,
				843CF3D124FECF94002F1B06 /* Preview Content */,
			);
			path = BusinessCards;
			sourceTree = "<group>";
		};
		843CF3D124FECF94002F1B06 /* Preview Content */ = {
			isa = PBXGroup;
			children = (
				843CF3D224FECF94002F1B06 /* Preview Assets.xcassets */,
			);
			path = "Preview Content";
			sourceTree = "<group>";
		};
		843CF3DF24FECF95002F1B06 /* BusinessCardsTests */ = {
			isa = PBXGroup;
			children = (
				843CF3E024FECF95002F1B06 /* BusinessCardsTests.swift */,
				843CF3E224FECF95002F1B06 /* Info.plist */,
			);
			path = BusinessCardsTests;
			sourceTree = "<group>";
		};
		843CF3EA24FECF95002F1B06 /* BusinessCardsUITests */ = {
			isa = PBXGroup;
			children = (
				843CF3EB24FECF95002F1B06 /* BusinessCardsUITests.swift */,
				843CF3ED24FECF95002F1B06 /* Info.plist */,
			);
			path = BusinessCardsUITests;
			sourceTree = "<group>";
		};
/* End PBXGroup section */

/* Begin PBXNativeTarget section */
		843CF3C524FECF92002F1B06 /* BusinessCards */ = {
			isa = PBXNativeTarget;
			buildConfigurationList = 843CF3F024FECF95002F1B06 /* Build configuration list for PBXNativeTarget "BusinessCards" */;
			buildPhases = (
				843CF3C224FECF92002F1B06 /* Sources */,
				843CF3C324FECF92002F1B06 /* Frameworks */,
				843CF3C424FECF92002F1B06 /* Resources */,
			);
			buildRules = (
			);
			dependencies = (
			);
			name = BusinessCards;
			productName = BusinessCards;
			productReference = 843CF3C624FECF92002F1B06 /* BusinessCards.app */;
			productType = "com.apple.product-type.application";
		};
		843CF3DB24FECF95002F1B06 /* BusinessCardsTests */ = {
			isa = PBXNativeTarget;
			buildConfigurationList = 843CF3F324FECF95002F1B06 /* Build configuration list for PBXNativeTarget "BusinessCardsTests" */;
			buildPhases = (
				843CF3D824FECF95002F1B06 /* Sources */,
				843CF3D924FECF95002F1B06 /* Frameworks */,
				843CF3DA24FECF95002F1B06 /* Resources */,
			);
			buildRules = (
			);
			dependencies = (
				843CF3DE24FECF95002F1B06 /* PBXTargetDependency */,
			);
			name = BusinessCardsTests;
			productName = BusinessCardsTests;
			productReference = 843CF3DC24FECF95002F1B06 /* BusinessCardsTests.xctest */;
			productType = "com.apple.product-type.bundle.unit-test";
		};
		843CF3E624FECF95002F1B06 /* BusinessCardsUITests */ = {
			isa = PBXNativeTarget;
			buildConfigurationList = 843CF3F624FECF95002F1B06 /* Build configuration list for PBXNativeTarget "BusinessCardsUITests" */;
			buildPhases = (
				843CF3E324FECF95002F1B06 /* Sources */,
				843CF3E424FECF95002F1B06 /* Frameworks */,
				843CF3E524FECF95002F1B06 /* Resources */,
			);
			buildRules = (
			);
			dependencies = (
				843CF3E924FECF95002F1B06 /* PBXTargetDependency */,
			);
			name = BusinessCardsUITests;
			productName = BusinessCardsUITests;
			productReference = 843CF3E724FECF95002F1B06 /* BusinessCardsUITests.xctest */;
			productType = "com.apple.product-type.bundle.ui-testing";
		};
/* End PBXNativeTarget section */

/* Begin PBXProject section */
		843CF3BE24FECF92002F1B06 /* Project object */ = {
			isa = PBXProject;
			attributes = {
				LastSwiftUpdateCheck = 1160;
				LastUpgradeCheck = 1160;
				ORGANIZATIONNAME = admin;
				TargetAttributes = {
					843CF3C524FECF92002F1B06 = {
						CreatedOnToolsVersion = 11.6;
					};
					843CF3DB24FECF95002F1B06 = {
						CreatedOnToolsVersion = 11.6;
						TestTargetID = 843CF3C524FECF92002F1B06;
					};
					843CF3E624FECF95002F1B06 = {
						CreatedOnToolsVersion = 11.6;
						TestTargetID = 843CF3C524FECF92002F1B06;
					};
				};
			};
			buildConfigurationList = 843CF3C124FECF92002F1B06 /* Build configuration list for PBXProject "BusinessCards" */;
			compatibilityVersion = "Xcode 9.3";
			developmentRegion = en;
			hasScannedForEncodings = 0;
			knownRegions = (
				en,
				Base,
			);
			mainGroup = 843CF3BD24FECF92002F1B06;
			productRefGroup = 843CF3C724FECF92002F1B06 /* Products */;
			projectDirPath = "";
			projectRoot = "";
			targets = (
				843CF3C524FECF92002F1B06 /* BusinessCards */,
				843CF3DB24FECF95002F1B06 /* BusinessCardsTests */,
				843CF3E624FECF95002F1B06 /* BusinessCardsUITests */,
			);
		};
/* End PBXProject section */

/* Begin PBXResourcesBuildPhase section */
		843CF3C424FECF92002F1B06 /* Resources */ = {
			isa = PBXResourcesBuildPhase;
			buildActionMask = 2147483647;
			files = (
				843CF3D624FECF94002F1B06 /* LaunchScreen.storyboard in Resources */,
				843CF3D324FECF94002F1B06 /* Preview Assets.xcassets in Resources */,
				843CF3D024FECF94002F1B06 /* Assets.xcassets in Resources */,
			);
			runOnlyForDeploymentPostprocessing = 0;
		};
		843CF3DA24FECF95002F1B06 /* Resources */ = {
			isa = PBXResourcesBuildPhase;
			buildActionMask = 2147483647;
			files = (
			);
			runOnlyForDeploymentPostprocessing = 0;
		};
		843CF3E524FECF95002F1B06 /* Resources */ = {
			isa = PBXResourcesBuildPhase;
			buildActionMask = 2147483647;
			files = (
			);
			runOnlyForDeploymentPostprocessing = 0;
		};
/* End PBXResourcesBuildPhase section */

/* Begin PBXSourcesBuildPhase section */
		843CF3C224FECF92002F1B06 /* Sources */ = {
			isa = PBXSourcesBuildPhase;
			buildActionMask = 2147483647;
			files = (
				843CF3CA24FECF92002F1B06 /* AppDelegate.swift in Sources */,
				843CF3CC24FECF92002F1B06 /* SceneDelegate.swift in Sources */,
				843CF3CE24FECF92002F1B06 /* ContentView.swift in Sources */,
			);
			runOnlyForDeploymentPostprocessing = 0;
		};
		843CF3D824FECF95002F1B06 /* Sources */ = {
			isa = PBXSourcesBuildPhase;
			buildActionMask = 2147483647;
			files = (
				843CF3E124FECF95002F1B06 /* BusinessCardsTests.swift in Sources */,
			);
			runOnlyForDeploymentPostprocessing = 0;
		};
		843CF3E324FECF95002F1B06 /* Sources */ = {
			isa = PBXSourcesBuildPhase;
			buildActionMask = 2147483647;
			files = (
				843CF3EC24FECF95002F1B06 /* BusinessCardsUITests.swift in Sources */,
			);
			runOnlyForDeploymentPostprocessing = 0;
		};
/* End PBXSourcesBuildPhase section */

/* Begin PBXTargetDependency section */
		843CF3DE24FECF95002F1B06 /* PBXTargetDependency */ = {
			isa = PBXTargetDependency;
			target = 843CF3C524FECF92002F1B06 /* BusinessCards */;
			targetProxy = 843CF3DD24FECF95002F1B06 /* PBXContainerItemProxy */;
		};
		843CF3E924FECF95002F1B06 /* PBXTargetDependency */ = {
			isa = PBXTargetDependency;
			target = 843CF3C524FECF92002F1B06 /* BusinessCards */;
			targetProxy = 843CF3E824FECF95002F1B06 /* PBXContainerItemProxy */;
		};
/* End PBXTargetDependency section */

/* Begin PBXVariantGroup section */
		843CF3D424FECF94002F1B06 /* LaunchScreen.storyboard */ = {
			isa = PBXVariantGroup;
			children = (
				843CF3D524FECF94002F1B06 /* Base */,
			);
			name = LaunchScreen.storyboard;
			sourceTree = "<group>";
		};
/* End PBXVariantGroup section */

/* Begin XCBuildConfiguration section */
		843CF3EE24FECF95002F1B06 /* Debug */ = {
			isa = XCBuildConfiguration;
			buildSettings = {
				ALWAYS_SEARCH_USER_PATHS = NO;
				CLANG_ANALYZER_NONNULL = YES;
				CLANG_ANALYZER_NUMBER_OBJECT_CONVERSION = YES_AGGRESSIVE;
				CLANG_CXX_LANGUAGE_STANDARD = "gnu++14";
				CLANG_CXX_LIBRARY = "libc++";
				CLANG_ENABLE_MODULES = YES;
				CLANG_ENABLE_OBJC_ARC = YES;
				CLANG_ENABLE_OBJC_WEAK = YES;
				CLANG_WARN_BLOCK_CAPTURE_AUTORELEASING = YES;
				CLANG_WARN_BOOL_CONVERSION = YES;
				CLANG_WARN_COMMA = YES;
				CLANG_WARN_CONSTANT_CONVERSION = YES;
				CLANG_WARN_DEPRECATED_OBJC_IMPLEMENTATIONS = YES;
				CLANG_WARN_DIRECT_OBJC_ISA_USAGE = YES_ERROR;
				CLANG_WARN_DOCUMENTATION_COMMENTS = YES;
				CLANG_WARN_EMPTY_BODY = YES;
				CLANG_WARN_ENUM_CONVERSION = YES;
				CLANG_WARN_INFINITE_RECURSION = YES;
				CLANG_WARN_INT_CONVERSION = YES;
				CLANG_WARN_NON_LITERAL_NULL_CONVERSION = YES;
				CLANG_WARN_OBJC_IMPLICIT_RETAIN_SELF = YES;
				CLANG_WARN_OBJC_LITERAL_CONVERSION = YES;
				CLANG_WARN_OBJC_ROOT_CLASS = YES_ERROR;
				CLANG_WARN_RANGE_LOOP_ANALYSIS = YES;
				CLANG_WARN_STRICT_PROTOTYPES = YES;
				CLANG_WARN_SUSPICIOUS_MOVE = YES;
				CLANG_WARN_UNGUARDED_AVAILABILITY = YES_AGGRESSIVE;
				CLANG_WARN_UNREACHABLE_CODE = YES;
				CLANG_WARN__DUPLICATE_METHOD_MATCH = YES;
				COPY_PHASE_STRIP = NO;
				DEBUG_INFORMATION_FORMAT = dwarf;
				ENABLE_STRICT_OBJC_MSGSEND = YES;
				ENABLE_TESTABILITY = YES;
				GCC_C_LANGUAGE_STANDARD = gnu11;
				GCC_DYNAMIC_NO_PIC = NO;
				GCC_NO_COMMON_BLOCKS = YES;
				GCC_OPTIMIZATION_LEVEL = 0;
				GCC_PREPROCESSOR_DEFINITIONS = (
					"DEBUG=1",
					"$(inherited)",
				);
				GCC_WARN_64_TO_32_BIT_CONVERSION = YES;
				GCC_WARN_ABOUT_RETURN_TYPE = YES_ERROR;
				GCC_WARN_UNDECLARED_SELECTOR = YES;
				GCC_WARN_UNINITIALIZED_AUTOS = YES_AGGRESSIVE;
				GCC_WARN_UNUSED_FUNCTION = YES;
				GCC_WARN_UNUSED_VARIABLE = YES;
				IPHONEOS_DEPLOYMENT_TARGET = 13.6;
				MTL_ENABLE_DEBUG_INFO = INCLUDE_SOURCE;
				MTL_FAST_MATH = YES;
				ONLY_ACTIVE_ARCH = YES;
				SDKROOT = iphoneos;
				SWIFT_ACTIVE_COMPILATION_CONDITIONS = DEBUG;
				SWIFT_OPTIMIZATION_LEVEL = "-Onone";
			};
			name = Debug;
		};
		843CF3EF24FECF95002F1B06 /* Release */ = {
			isa = XCBuildConfiguration;
			buildSettings = {
				ALWAYS_SEARCH_USER_PATHS = NO;
				CLANG_ANALYZER_NONNULL = YES;
				CLANG_ANALYZER_NUMBER_OBJECT_CONVERSION = YES_AGGRESSIVE;
				CLANG_CXX_LANGUAGE_STANDARD = "gnu++14";
				CLANG_CXX_LIBRARY = "libc++";
				CLANG_ENABLE_MODULES = YES;
				CLANG_ENABLE_OBJC_ARC = YES;
				CLANG_ENABLE_OBJC_WEAK = YES;
				CLANG_WARN_BLOCK_CAPTURE_AUTORELEASING = YES;
				CLANG_WARN_BOOL_CONVERSION = YES;
				CLANG_WARN_COMMA = YES;
				CLANG_WARN_CONSTANT_CONVERSION = YES;
				CLANG_WARN_DEPRECATED_OBJC_IMPLEMENTATIONS = YES;
				CLANG_WARN_DIRECT_OBJC_ISA_USAGE = YES_ERROR;
				CLANG_WARN_DOCUMENTATION_COMMENTS = YES;
				CLANG_WARN_EMPTY_BODY = YES;
				CLANG_WARN_ENUM_CONVERSION = YES;
				CLANG_WARN_INFINITE_RECURSION = YES;
				CLANG_WARN_INT_CONVERSION = YES;
				CLANG_WARN_NON_LITERAL_NULL_CONVERSION = YES;
				CLANG_WARN_OBJC_IMPLICIT_RETAIN_SELF = YES;
				CLANG_WARN_OBJC_LITERAL_CONVERSION = YES;
				CLANG_WARN_OBJC_ROOT_CLASS = YES_ERROR;
				CLANG_WARN_RANGE_LOOP_ANALYSIS = YES;
				CLANG_WARN_STRICT_PROTOTYPES = YES;
				CLANG_WARN_SUSPICIOUS_MOVE = YES;
				CLANG_WARN_UNGUARDED_AVAILABILITY = YES_AGGRESSIVE;
				CLANG_WARN_UNREACHABLE_CODE = YES;
				CLANG_WARN__DUPLICATE_METHOD_MATCH = YES;
				COPY_PHASE_STRIP = NO;
				DEBUG_INFORMATION_FORMAT = "dwarf-with-dsym";
				ENABLE_NS_ASSERTIONS = NO;
				ENABLE_STRICT_OBJC_MSGSEND = YES;
				GCC_C_LANGUAGE_STANDARD = gnu11;
				GCC_NO_COMMON_BLOCKS = YES;
				GCC_WARN_64_TO_32_BIT_CONVERSION = YES;
				GCC_WARN_ABOUT_RETURN_TYPE = YES_ERROR;
				GCC_WARN_UNDECLARED_SELECTOR = YES;
				GCC_WARN_UNINITIALIZED_AUTOS = YES_AGGRESSIVE;
				GCC_WARN_UNUSED_FUNCTION = YES;
				GCC_WARN_UNUSED_VARIABLE = YES;
				IPHONEOS_DEPLOYMENT_TARGET = 13.6;
				MTL_ENABLE_DEBUG_INFO = NO;
				MTL_FAST_MATH = YES;
				SDKROOT = iphoneos;
				SWIFT_COMPILATION_MODE = wholemodule;
				SWIFT_OPTIMIZATION_LEVEL = "-O";
				VALIDATE_PRODUCT = YES;
			};
			name = Release;
		};
		843CF3F124FECF95002F1B06 /* Debug */ = {
			isa = XCBuildConfiguration;
			buildSettings = {
				ASSETCATALOG_COMPILER_APPICON_NAME = AppIcon;
				CODE_SIGN_STYLE = Automatic;
				DEVELOPMENT_ASSET_PATHS = "\"BusinessCards/Preview Content\"";
				ENABLE_PREVIEWS = YES;
				INFOPLIST_FILE = BusinessCards/Info.plist;
				LD_RUNPATH_SEARCH_PATHS = (
					"$(inherited)",
					"@executable_path/Frameworks",
				);
				PRODUCT_BUNDLE_IDENTIFIER = exercise.BusinessCards;
				PRODUCT_NAME = "$(TARGET_NAME)";
				SWIFT_VERSION = 5.0;
				TARGETED_DEVICE_FAMILY = "1,2";
			};
			name = Debug;
		};
		843CF3F224FECF95002F1B06 /* Release */ = {
			isa = XCBuildConfiguration;
			buildSettings = {
				ASSETCATALOG_COMPILER_APPICON_NAME = AppIcon;
				CODE_SIGN_STYLE = Automatic;
				DEVELOPMENT_ASSET_PATHS = "\"BusinessCards/Preview Content\"";
				ENABLE_PREVIEWS = YES;
				INFOPLIST_FILE = BusinessCards/Info.plist;
				LD_RUNPATH_SEARCH_PATHS = (
					"$(inherited)",
					"@executable_path/Frameworks",
				);
				PRODUCT_BUNDLE_IDENTIFIER = exercise.BusinessCards;
				PRODUCT_NAME = "$(TARGET_NAME)";
				SWIFT_VERSION = 5.0;
				TARGETED_DEVICE_FAMILY = "1,2";
			};
			name = Release;
		};
		843CF3F424FECF95002F1B06 /* Debug */ = {
			isa = XCBuildConfiguration;
			buildSettings = {
				ALWAYS_EMBED_SWIFT_STANDARD_LIBRARIES = YES;
				BUNDLE_LOADER = "$(TEST_HOST)";
				CODE_SIGN_STYLE = Automatic;
				INFOPLIST_FILE = BusinessCardsTests/Info.plist;
				IPHONEOS_DEPLOYMENT_TARGET = 13.6;
				LD_RUNPATH_SEARCH_PATHS = (
					"$(inherited)",
					"@executable_path/Frameworks",
					"@loader_path/Frameworks",
				);
				PRODUCT_BUNDLE_IDENTIFIER = exercise.BusinessCardsTests;
				PRODUCT_NAME = "$(TARGET_NAME)";
				SWIFT_VERSION = 5.0;
				TARGETED_DEVICE_FAMILY = "1,2";
				TEST_HOST = "$(BUILT_PRODUCTS_DIR)/BusinessCards.app/BusinessCards";
			};
			name = Debug;
		};
		843CF3F524FECF95002F1B06 /* Release */ = {
			isa = XCBuildConfiguration;
			buildSettings = {
				ALWAYS_EMBED_SWIFT_STANDARD_LIBRARIES = YES;
				BUNDLE_LOADER = "$(TEST_HOST)";
				CODE_SIGN_STYLE = Automatic;
				INFOPLIST_FILE = BusinessCardsTests/Info.plist;
				IPHONEOS_DEPLOYMENT_TARGET = 13.6;
				LD_RUNPATH_SEARCH_PATHS = (
					"$(inherited)",
					"@executable_path/Frameworks",
					"@loader_path/Frameworks",
				);
				PRODUCT_BUNDLE_IDENTIFIER = exercise.BusinessCardsTests;
				PRODUCT_NAME = "$(TARGET_NAME)";
				SWIFT_VERSION = 5.0;
				TARGETED_DEVICE_FAMILY = "1,2";
				TEST_HOST = "$(BUILT_PRODUCTS_DIR)/BusinessCards.app/BusinessCards";
			};
			name = Release;
		};
		843CF3F724FECF95002F1B06 /* Debug */ = {
			isa = XCBuildConfiguration;
			buildSettings = {
				ALWAYS_EMBED_SWIFT_STANDARD_LIBRARIES = YES;
				CODE_SIGN_STYLE = Automatic;
				INFOPLIST_FILE = BusinessCardsUITests/Info.plist;
				LD_RUNPATH_SEARCH_PATHS = (
					"$(inherited)",
					"@executable_path/Frameworks",
					"@loader_path/Frameworks",
				);
				PRODUCT_BUNDLE_IDENTIFIER = exercise.BusinessCardsUITests;
				PRODUCT_NAME = "$(TARGET_NAME)";
				SWIFT_VERSION = 5.0;
				TARGETED_DEVICE_FAMILY = "1,2";
				TEST_TARGET_NAME = BusinessCards;
			};
			name = Debug;
		};
		843CF3F824FECF95002F1B06 /* Release */ = {
			isa = XCBuildConfiguration;
			buildSettings = {
				ALWAYS_EMBED_SWIFT_STANDARD_LIBRARIES = YES;
				CODE_SIGN_STYLE = Automatic;
				INFOPLIST_FILE = BusinessCardsUITests/Info.plist;
				LD_RUNPATH_SEARCH_PATHS = (
					"$(inherited)",
					"@executable_path/Frameworks",
					"@loader_path/Frameworks",
				);
				PRODUCT_BUNDLE_IDENTIFIER = exercise.BusinessCardsUITests;
				PRODUCT_NAME = "$(TARGET_NAME)";
				SWIFT_VERSION = 5.0;
				TARGETED_DEVICE_FAMILY = "1,2";
				TEST_TARGET_NAME = BusinessCards;
			};
			name = Release;
		};
/* End XCBuildConfiguration section */

/* Begin XCConfigurationList section */
		843CF3C124FECF92002F1B06 /* Build configuration list for PBXProject "BusinessCards" */ = {
			isa = XCConfigurationList;
			buildConfigurations = (
				843CF3EE24FECF95002F1B06 /* Debug */,
				843CF3EF24FECF95002F1B06 /* Release */,
			);
			defaultConfigurationIsVisible = 0;
			defaultConfigurationName = Release;
		};
		843CF3F024FECF95002F1B06 /* Build configuration list for PBXNativeTarget "BusinessCards" */ = {
			isa = XCConfigurationList;
			buildConfigurations = (
				843CF3F124FECF95002F1B06 /* Debug */,
				843CF3F224FECF95002F1B06 /* Release */,
			);
			defaultConfigurationIsVisible = 0;
			defaultConfigurationName = Release;
		};
		843CF3F324FECF95002F1B06 /* Build configuration list for PBXNativeTarget "BusinessCardsTests" */ = {
			isa = XCConfigurationList;
			buildConfigurations = (
				843CF3F424FECF95002F1B06 /* Debug */,
				843CF3F524FECF95002F1B06 /* Release */,
			);
			defaultConfigurationIsVisible = 0;
			defaultConfigurationName = Release;
		};
		843CF3F624FECF95002F1B06 /* Build configuration list for PBXNativeTarget "BusinessCardsUITests" */ = {
			isa = XCConfigurationList;
			buildConfigurations = (
				843CF3F724FECF95002F1B06 /* Debug */,
				843CF3F824FECF95002F1B06 /* Release */,
			);
			defaultConfigurationIsVisible = 0;
			defaultConfigurationName = Release;
		};
/* End XCConfigurationList section */
	};
	rootObject = 843CF3BE24FECF92002F1B06 /* Project object */;
}
