// !$*UTF8*$!
{
	archiveVersion = 1;
	classes = {
	};
	objectVersion = 50;
	objects = {

/* Begin PBXBuildFile section */
		84E78ADD250231C500830557 /* AppDelegate.swift in Sources */ = {isa = PBXBuildFile; fileRef = 84E78ADC250231C500830557 /* AppDelegate.swift */; };
		84E78ADF250231C500830557 /* SceneDelegate.swift in Sources */ = {isa = PBXBuildFile; fileRef = 84E78ADE250231C500830557 /* SceneDelegate.swift */; };
		84E78AE1250231C500830557 /* ContentView.swift in Sources */ = {isa = PBXBuildFile; fileRef = 84E78AE0250231C500830557 /* ContentView.swift */; };
		84E78AE3250231C900830557 /* Assets.xcassets in Resources */ = {isa = PBXBuildFile; fileRef = 84E78AE2250231C900830557 /* Assets.xcassets */; };
		84E78AE6250231C900830557 /* Preview Assets.xcassets in Resources */ = {isa = PBXBuildFile; fileRef = 84E78AE5250231C900830557 /* Preview Assets.xcassets */; };
		84E78AE9250231C900830557 /* LaunchScreen.storyboard in Resources */ = {isa = PBXBuildFile; fileRef = 84E78AE7250231C900830557 /* LaunchScreen.storyboard */; };
		84E78AF4250231C900830557 /* V16Tests.swift in Sources */ = {isa = PBXBuildFile; fileRef = 84E78AF3250231C900830557 /* V16Tests.swift */; };
		84E78AFF250231C900830557 /* V16UITests.swift in Sources */ = {isa = PBXBuildFile; fileRef = 84E78AFE250231C900830557 /* V16UITests.swift */; };
/* End PBXBuildFile section */

/* Begin PBXContainerItemProxy section */
		84E78AF0250231C900830557 /* PBXContainerItemProxy */ = {
			isa = PBXContainerItemProxy;
			containerPortal = 84E78AD1250231C500830557 /* Project object */;
			proxyType = 1;
			remoteGlobalIDString = 84E78AD8250231C500830557;
			remoteInfo = V16;
		};
		84E78AFB250231C900830557 /* PBXContainerItemProxy */ = {
			isa = PBXContainerItemProxy;
			containerPortal = 84E78AD1250231C500830557 /* Project object */;
			proxyType = 1;
			remoteGlobalIDString = 84E78AD8250231C500830557;
			remoteInfo = V16;
		};
/* End PBXContainerItemProxy section */

/* Begin PBXFileReference section */
		84E78AD9250231C500830557 /* V16.app */ = {isa = PBXFileReference; explicitFileType = wrapper.application; includeInIndex = 0; path = V16.app; sourceTree = BUILT_PRODUCTS_DIR; };
		84E78ADC250231C500830557 /* AppDelegate.swift */ = {isa = PBXFileReference; lastKnownFileType = sourcecode.swift; path = AppDelegate.swift; sourceTree = "<group>"; };
		84E78ADE250231C500830557 /* SceneDelegate.swift */ = {isa = PBXFileReference; lastKnownFileType = sourcecode.swift; path = SceneDelegate.swift; sourceTree = "<group>"; };
		84E78AE0250231C500830557 /* ContentView.swift */ = {isa = PBXFileReference; lastKnownFileType = sourcecode.swift; path = ContentView.swift; sourceTree = "<group>"; };
		84E78AE2250231C900830557 /* Assets.xcassets */ = {isa = PBXFileReference; lastKnownFileType = folder.assetcatalog; path = Assets.xcassets; sourceTree = "<group>"; };
		84E78AE5250231C900830557 /* Preview Assets.xcassets */ = {isa = PBXFileReference; lastKnownFileType = folder.assetcatalog; path = "Preview Assets.xcassets"; sourceTree = "<group>"; };
		84E78AE8250231C900830557 /* Base */ = {isa = PBXFileReference; lastKnownFileType = file.storyboard; name = Base; path = Base.lproj/LaunchScreen.storyboard; sourceTree = "<group>"; };
		84E78AEA250231C900830557 /* Info.plist */ = {isa = PBXFileReference; lastKnownFileType = text.plist.xml; path = Info.plist; sourceTree = "<group>"; };
		84E78AEF250231C900830557 /* V16Tests.xctest */ = {isa = PBXFileReference; explicitFileType = wrapper.cfbundle; includeInIndex = 0; path = V16Tests.xctest; sourceTree = BUILT_PRODUCTS_DIR; };
		84E78AF3250231C900830557 /* V16Tests.swift */ = {isa = PBXFileReference; lastKnownFileType = sourcecode.swift; path = V16Tests.swift; sourceTree = "<group>"; };
		84E78AF5250231C900830557 /* Info.plist */ = {isa = PBXFileReference; lastKnownFileType = text.plist.xml; path = Info.plist; sourceTree = "<group>"; };
		84E78AFA250231C900830557 /* V16UITests.xctest */ = {isa = PBXFileReference; explicitFileType = wrapper.cfbundle; includeInIndex = 0; path = V16UITests.xctest; sourceTree = BUILT_PRODUCTS_DIR; };
		84E78AFE250231C900830557 /* V16UITests.swift */ = {isa = PBXFileReference; lastKnownFileType = sourcecode.swift; path = V16UITests.swift; sourceTree = "<group>"; };
		84E78B00250231C900830557 /* Info.plist */ = {isa = PBXFileReference; lastKnownFileType = text.plist.xml; path = Info.plist; sourceTree = "<group>"; };
/* End PBXFileReference section */

/* Begin PBXFrameworksBuildPhase section */
		84E78AD6250231C500830557 /* Frameworks */ = {
			isa = PBXFrameworksBuildPhase;
			buildActionMask = 2147483647;
			files = (
			);
			runOnlyForDeploymentPostprocessing = 0;
		};
		84E78AEC250231C900830557 /* Frameworks */ = {
			isa = PBXFrameworksBuildPhase;
			buildActionMask = 2147483647;
			files = (
			);
			runOnlyForDeploymentPostprocessing = 0;
		};
		84E78AF7250231C900830557 /* Frameworks */ = {
			isa = PBXFrameworksBuildPhase;
			buildActionMask = 2147483647;
			files = (
			);
			runOnlyForDeploymentPostprocessing = 0;
		};
/* End PBXFrameworksBuildPhase section */

/* Begin PBXGroup section */
		84E78AD0250231C500830557 = {
			isa = PBXGroup;
			children = (
				84E78ADB250231C500830557 /* V16 */,
				84E78AF2250231C900830557 /* V16Tests */,
				84E78AFD250231C900830557 /* V16UITests */,
				84E78ADA250231C500830557 /* Products */,
			);
			sourceTree = "<group>";
		};
		84E78ADA250231C500830557 /* Products */ = {
			isa = PBXGroup;
			children = (
				84E78AD9250231C500830557 /* V16.app */,
				84E78AEF250231C900830557 /* V16Tests.xctest */,
				84E78AFA250231C900830557 /* V16UITests.xctest */,
			);
			name = Products;
			sourceTree = "<group>";
		};
		84E78ADB250231C500830557 /* V16 */ = {
			isa = PBXGroup;
			children = (
				84E78ADC250231C500830557 /* AppDelegate.swift */,
				84E78ADE250231C500830557 /* SceneDelegate.swift */,
				84E78AE0250231C500830557 /* ContentView.swift */,
				84E78AE2250231C900830557 /* Assets.xcassets */,
				84E78AE7250231C900830557 /* LaunchScreen.storyboard */,
				84E78AEA250231C900830557 /* Info.plist */,
				84E78AE4250231C900830557 /* Preview Content */,
			);
			path = V16;
			sourceTree = "<group>";
		};
		84E78AE4250231C900830557 /* Preview Content */ = {
			isa = PBXGroup;
			children = (
				84E78AE5250231C900830557 /* Preview Assets.xcassets */,
			);
			path = "Preview Content";
			sourceTree = "<group>";
		};
		84E78AF2250231C900830557 /* V16Tests */ = {
			isa = PBXGroup;
			children = (
				84E78AF3250231C900830557 /* V16Tests.swift */,
				84E78AF5250231C900830557 /* Info.plist */,
			);
			path = V16Tests;
			sourceTree = "<group>";
		};
		84E78AFD250231C900830557 /* V16UITests */ = {
			isa = PBXGroup;
			children = (
				84E78AFE250231C900830557 /* V16UITests.swift */,
				84E78B00250231C900830557 /* Info.plist */,
			);
			path = V16UITests;
			sourceTree = "<group>";
		};
/* End PBXGroup section */

/* Begin PBXNativeTarget section */
		84E78AD8250231C500830557 /* V16 */ = {
			isa = PBXNativeTarget;
			buildConfigurationList = 84E78B03250231C900830557 /* Build configuration list for PBXNativeTarget "V16" */;
			buildPhases = (
				84E78AD5250231C500830557 /* Sources */,
				84E78AD6250231C500830557 /* Frameworks */,
				84E78AD7250231C500830557 /* Resources */,
			);
			buildRules = (
			);
			dependencies = (
			);
			name = V16;
			productName = V16;
			productReference = 84E78AD9250231C500830557 /* V16.app */;
			productType = "com.apple.product-type.application";
		};
		84E78AEE250231C900830557 /* V16Tests */ = {
			isa = PBXNativeTarget;
			buildConfigurationList = 84E78B06250231C900830557 /* Build configuration list for PBXNativeTarget "V16Tests" */;
			buildPhases = (
				84E78AEB250231C900830557 /* Sources */,
				84E78AEC250231C900830557 /* Frameworks */,
				84E78AED250231C900830557 /* Resources */,
			);
			buildRules = (
			);
			dependencies = (
				84E78AF1250231C900830557 /* PBXTargetDependency */,
			);
			name = V16Tests;
			productName = V16Tests;
			productReference = 84E78AEF250231C900830557 /* V16Tests.xctest */;
			productType = "com.apple.product-type.bundle.unit-test";
		};
		84E78AF9250231C900830557 /* V16UITests */ = {
			isa = PBXNativeTarget;
			buildConfigurationList = 84E78B09250231C900830557 /* Build configuration list for PBXNativeTarget "V16UITests" */;
			buildPhases = (
				84E78AF6250231C900830557 /* Sources */,
				84E78AF7250231C900830557 /* Frameworks */,
				84E78AF8250231C900830557 /* Resources */,
			);
			buildRules = (
			);
			dependencies = (
				84E78AFC250231C900830557 /* PBXTargetDependency */,
			);
			name = V16UITests;
			productName = V16UITests;
			productReference = 84E78AFA250231C900830557 /* V16UITests.xctest */;
			productType = "com.apple.product-type.bundle.ui-testing";
		};
/* End PBXNativeTarget section */

/* Begin PBXProject section */
		84E78AD1250231C500830557 /* Project object */ = {
			isa = PBXProject;
			attributes = {
				LastSwiftUpdateCheck = 1170;
				LastUpgradeCheck = 1170;
				ORGANIZATIONNAME = admin;
				TargetAttributes = {
					84E78AD8250231C500830557 = {
						CreatedOnToolsVersion = 11.7;
					};
					84E78AEE250231C900830557 = {
						CreatedOnToolsVersion = 11.7;
						TestTargetID = 84E78AD8250231C500830557;
					};
					84E78AF9250231C900830557 = {
						CreatedOnToolsVersion = 11.7;
						TestTargetID = 84E78AD8250231C500830557;
					};
				};
			};
			buildConfigurationList = 84E78AD4250231C500830557 /* Build configuration list for PBXProject "V16" */;
			compatibilityVersion = "Xcode 9.3";
			developmentRegion = en;
			hasScannedForEncodings = 0;
			knownRegions = (
				en,
				Base,
			);
			mainGroup = 84E78AD0250231C500830557;
			productRefGroup = 84E78ADA250231C500830557 /* Products */;
			projectDirPath = "";
			projectRoot = "";
			targets = (
				84E78AD8250231C500830557 /* V16 */,
				84E78AEE250231C900830557 /* V16Tests */,
				84E78AF9250231C900830557 /* V16UITests */,
			);
		};
/* End PBXProject section */

/* Begin PBXResourcesBuildPhase section */
		84E78AD7250231C500830557 /* Resources */ = {
			isa = PBXResourcesBuildPhase;
			buildActionMask = 2147483647;
			files = (
				84E78AE9250231C900830557 /* LaunchScreen.storyboard in Resources */,
				84E78AE6250231C900830557 /* Preview Assets.xcassets in Resources */,
				84E78AE3250231C900830557 /* Assets.xcassets in Resources */,
			);
			runOnlyForDeploymentPostprocessing = 0;
		};
		84E78AED250231C900830557 /* Resources */ = {
			isa = PBXResourcesBuildPhase;
			buildActionMask = 2147483647;
			files = (
			);
			runOnlyForDeploymentPostprocessing = 0;
		};
		84E78AF8250231C900830557 /* Resources */ = {
			isa = PBXResourcesBuildPhase;
			buildActionMask = 2147483647;
			files = (
			);
			runOnlyForDeploymentPostprocessing = 0;
		};
/* End PBXResourcesBuildPhase section */

/* Begin PBXSourcesBuildPhase section */
		84E78AD5250231C500830557 /* Sources */ = {
			isa = PBXSourcesBuildPhase;
			buildActionMask = 2147483647;
			files = (
				84E78ADD250231C500830557 /* AppDelegate.swift in Sources */,
				84E78ADF250231C500830557 /* SceneDelegate.swift in Sources */,
				84E78AE1250231C500830557 /* ContentView.swift in Sources */,
			);
			runOnlyForDeploymentPostprocessing = 0;
		};
		84E78AEB250231C900830557 /* Sources */ = {
			isa = PBXSourcesBuildPhase;
			buildActionMask = 2147483647;
			files = (
				84E78AF4250231C900830557 /* V16Tests.swift in Sources */,
			);
			runOnlyForDeploymentPostprocessing = 0;
		};
		84E78AF6250231C900830557 /* Sources */ = {
			isa = PBXSourcesBuildPhase;
			buildActionMask = 2147483647;
			files = (
				84E78AFF250231C900830557 /* V16UITests.swift in Sources */,
			);
			runOnlyForDeploymentPostprocessing = 0;
		};
/* End PBXSourcesBuildPhase section */

/* Begin PBXTargetDependency section */
		84E78AF1250231C900830557 /* PBXTargetDependency */ = {
			isa = PBXTargetDependency;
			target = 84E78AD8250231C500830557 /* V16 */;
			targetProxy = 84E78AF0250231C900830557 /* PBXContainerItemProxy */;
		};
		84E78AFC250231C900830557 /* PBXTargetDependency */ = {
			isa = PBXTargetDependency;
			target = 84E78AD8250231C500830557 /* V16 */;
			targetProxy = 84E78AFB250231C900830557 /* PBXContainerItemProxy */;
		};
/* End PBXTargetDependency section */

/* Begin PBXVariantGroup section */
		84E78AE7250231C900830557 /* LaunchScreen.storyboard */ = {
			isa = PBXVariantGroup;
			children = (
				84E78AE8250231C900830557 /* Base */,
			);
			name = LaunchScreen.storyboard;
			sourceTree = "<group>";
		};
/* End PBXVariantGroup section */

/* Begin XCBuildConfiguration section */
		84E78B01250231C900830557 /* Debug */ = {
			isa = XCBuildConfiguration;
			buildSettings = {
				ALWAYS_SEARCH_USER_PATHS = NO;
				CLANG_ANALYZER_NONNULL = YES;
				CLANG_ANALYZER_NUMBER_OBJECT_CONVERSION = YES_AGGRESSIVE;
				CLANG_CXX_LANGUAGE_STANDARD = "gnu++14";
				CLANG_CXX_LIBRARY = "libc++";
				CLANG_ENABLE_MODULES = YES;
				CLANG_ENABLE_OBJC_ARC = YES;
				CLANG_ENABLE_OBJC_WEAK = YES;
				CLANG_WARN_BLOCK_CAPTURE_AUTORELEASING = YES;
				CLANG_WARN_BOOL_CONVERSION = YES;
				CLANG_WARN_COMMA = YES;
				CLANG_WARN_CONSTANT_CONVERSION = YES;
				CLANG_WARN_DEPRECATED_OBJC_IMPLEMENTATIONS = YES;
				CLANG_WARN_DIRECT_OBJC_ISA_USAGE = YES_ERROR;
				CLANG_WARN_DOCUMENTATION_COMMENTS = YES;
				CLANG_WARN_EMPTY_BODY = YES;
				CLANG_WARN_ENUM_CONVERSION = YES;
				CLANG_WARN_INFINITE_RECURSION = YES;
				CLANG_WARN_INT_CONVERSION = YES;
				CLANG_WARN_NON_LITERAL_NULL_CONVERSION = YES;
				CLANG_WARN_OBJC_IMPLICIT_RETAIN_SELF = YES;
				CLANG_WARN_OBJC_LITERAL_CONVERSION = YES;
				CLANG_WARN_OBJC_ROOT_CLASS = YES_ERROR;
				CLANG_WARN_RANGE_LOOP_ANALYSIS = YES;
				CLANG_WARN_STRICT_PROTOTYPES = YES;
				CLANG_WARN_SUSPICIOUS_MOVE = YES;
				CLANG_WARN_UNGUARDED_AVAILABILITY = YES_AGGRESSIVE;
				CLANG_WARN_UNREACHABLE_CODE = YES;
				CLANG_WARN__DUPLICATE_METHOD_MATCH = YES;
				COPY_PHASE_STRIP = NO;
				DEBUG_INFORMATION_FORMAT = dwarf;
				ENABLE_STRICT_OBJC_MSGSEND = YES;
				ENABLE_TESTABILITY = YES;
				GCC_C_LANGUAGE_STANDARD = gnu11;
				GCC_DYNAMIC_NO_PIC = NO;
				GCC_NO_COMMON_BLOCKS = YES;
				GCC_OPTIMIZATION_LEVEL = 0;
				GCC_PREPROCESSOR_DEFINITIONS = (
					"DEBUG=1",
					"$(inherited)",
				);
				GCC_WARN_64_TO_32_BIT_CONVERSION = YES;
				GCC_WARN_ABOUT_RETURN_TYPE = YES_ERROR;
				GCC_WARN_UNDECLARED_SELECTOR = YES;
				GCC_WARN_UNINITIALIZED_AUTOS = YES_AGGRESSIVE;
				GCC_WARN_UNUSED_FUNCTION = YES;
				GCC_WARN_UNUSED_VARIABLE = YES;
				IPHONEOS_DEPLOYMENT_TARGET = 13.7;
				MTL_ENABLE_DEBUG_INFO = INCLUDE_SOURCE;
				MTL_FAST_MATH = YES;
				ONLY_ACTIVE_ARCH = YES;
				SDKROOT = iphoneos;
				SWIFT_ACTIVE_COMPILATION_CONDITIONS = DEBUG;
				SWIFT_OPTIMIZATION_LEVEL = "-Onone";
			};
			name = Debug;
		};
		84E78B02250231C900830557 /* Release */ = {
			isa = XCBuildConfiguration;
			buildSettings = {
				ALWAYS_SEARCH_USER_PATHS = NO;
				CLANG_ANALYZER_NONNULL = YES;
				CLANG_ANALYZER_NUMBER_OBJECT_CONVERSION = YES_AGGRESSIVE;
				CLANG_CXX_LANGUAGE_STANDARD = "gnu++14";
				CLANG_CXX_LIBRARY = "libc++";
				CLANG_ENABLE_MODULES = YES;
				CLANG_ENABLE_OBJC_ARC = YES;
				CLANG_ENABLE_OBJC_WEAK = YES;
				CLANG_WARN_BLOCK_CAPTURE_AUTORELEASING = YES;
				CLANG_WARN_BOOL_CONVERSION = YES;
				CLANG_WARN_COMMA = YES;
				CLANG_WARN_CONSTANT_CONVERSION = YES;
				CLANG_WARN_DEPRECATED_OBJC_IMPLEMENTATIONS = YES;
				CLANG_WARN_DIRECT_OBJC_ISA_USAGE = YES_ERROR;
				CLANG_WARN_DOCUMENTATION_COMMENTS = YES;
				CLANG_WARN_EMPTY_BODY = YES;
				CLANG_WARN_ENUM_CONVERSION = YES;
				CLANG_WARN_INFINITE_RECURSION = YES;
				CLANG_WARN_INT_CONVERSION = YES;
				CLANG_WARN_NON_LITERAL_NULL_CONVERSION = YES;
				CLANG_WARN_OBJC_IMPLICIT_RETAIN_SELF = YES;
				CLANG_WARN_OBJC_LITERAL_CONVERSION = YES;
				CLANG_WARN_OBJC_ROOT_CLASS = YES_ERROR;
				CLANG_WARN_RANGE_LOOP_ANALYSIS = YES;
				CLANG_WARN_STRICT_PROTOTYPES = YES;
				CLANG_WARN_SUSPICIOUS_MOVE = YES;
				CLANG_WARN_UNGUARDED_AVAILABILITY = YES_AGGRESSIVE;
				CLANG_WARN_UNREACHABLE_CODE = YES;
				CLANG_WARN__DUPLICATE_METHOD_MATCH = YES;
				COPY_PHASE_STRIP = NO;
				DEBUG_INFORMATION_FORMAT = "dwarf-with-dsym";
				ENABLE_NS_ASSERTIONS = NO;
				ENABLE_STRICT_OBJC_MSGSEND = YES;
				GCC_C_LANGUAGE_STANDARD = gnu11;
				GCC_NO_COMMON_BLOCKS = YES;
				GCC_WARN_64_TO_32_BIT_CONVERSION = YES;
				GCC_WARN_ABOUT_RETURN_TYPE = YES_ERROR;
				GCC_WARN_UNDECLARED_SELECTOR = YES;
				GCC_WARN_UNINITIALIZED_AUTOS = YES_AGGRESSIVE;
				GCC_WARN_UNUSED_FUNCTION = YES;
				GCC_WARN_UNUSED_VARIABLE = YES;
				IPHONEOS_DEPLOYMENT_TARGET = 13.7;
				MTL_ENABLE_DEBUG_INFO = NO;
				MTL_FAST_MATH = YES;
				SDKROOT = iphoneos;
				SWIFT_COMPILATION_MODE = wholemodule;
				SWIFT_OPTIMIZATION_LEVEL = "-O";
				VALIDATE_PRODUCT = YES;
			};
			name = Release;
		};
		84E78B04250231C900830557 /* Debug */ = {
			isa = XCBuildConfiguration;
			buildSettings = {
				ASSETCATALOG_COMPILER_APPICON_NAME = AppIcon;
				CODE_SIGN_STYLE = Automatic;
				DEVELOPMENT_ASSET_PATHS = "\"V16/Preview Content\"";
				ENABLE_PREVIEWS = YES;
				INFOPLIST_FILE = V16/Info.plist;
				LD_RUNPATH_SEARCH_PATHS = (
					"$(inherited)",
					"@executable_path/Frameworks",
				);
				PRODUCT_BUNDLE_IDENTIFIER = exercise.V16;
				PRODUCT_NAME = "$(TARGET_NAME)";
				SWIFT_VERSION = 5.0;
				TARGETED_DEVICE_FAMILY = "1,2";
			};
			name = Debug;
		};
		84E78B05250231C900830557 /* Release */ = {
			isa = XCBuildConfiguration;
			buildSettings = {
				ASSETCATALOG_COMPILER_APPICON_NAME = AppIcon;
				CODE_SIGN_STYLE = Automatic;
				DEVELOPMENT_ASSET_PATHS = "\"V16/Preview Content\"";
				ENABLE_PREVIEWS = YES;
				INFOPLIST_FILE = V16/Info.plist;
				LD_RUNPATH_SEARCH_PATHS = (
					"$(inherited)",
					"@executable_path/Frameworks",
				);
				PRODUCT_BUNDLE_IDENTIFIER = exercise.V16;
				PRODUCT_NAME = "$(TARGET_NAME)";
				SWIFT_VERSION = 5.0;
				TARGETED_DEVICE_FAMILY = "1,2";
			};
			name = Release;
		};
		84E78B07250231C900830557 /* Debug */ = {
			isa = XCBuildConfiguration;
			buildSettings = {
				ALWAYS_EMBED_SWIFT_STANDARD_LIBRARIES = YES;
				BUNDLE_LOADER = "$(TEST_HOST)";
				CODE_SIGN_STYLE = Automatic;
				INFOPLIST_FILE = V16Tests/Info.plist;
				IPHONEOS_DEPLOYMENT_TARGET = 13.7;
				LD_RUNPATH_SEARCH_PATHS = (
					"$(inherited)",
					"@executable_path/Frameworks",
					"@loader_path/Frameworks",
				);
				PRODUCT_BUNDLE_IDENTIFIER = exercise.V16Tests;
				PRODUCT_NAME = "$(TARGET_NAME)";
				SWIFT_VERSION = 5.0;
				TARGETED_DEVICE_FAMILY = "1,2";
				TEST_HOST = "$(BUILT_PRODUCTS_DIR)/V16.app/V16";
			};
			name = Debug;
		};
		84E78B08250231C900830557 /* Release */ = {
			isa = XCBuildConfiguration;
			buildSettings = {
				ALWAYS_EMBED_SWIFT_STANDARD_LIBRARIES = YES;
				BUNDLE_LOADER = "$(TEST_HOST)";
				CODE_SIGN_STYLE = Automatic;
				INFOPLIST_FILE = V16Tests/Info.plist;
				IPHONEOS_DEPLOYMENT_TARGET = 13.7;
				LD_RUNPATH_SEARCH_PATHS = (
					"$(inherited)",
					"@executable_path/Frameworks",
					"@loader_path/Frameworks",
				);
				PRODUCT_BUNDLE_IDENTIFIER = exercise.V16Tests;
				PRODUCT_NAME = "$(TARGET_NAME)";
				SWIFT_VERSION = 5.0;
				TARGETED_DEVICE_FAMILY = "1,2";
				TEST_HOST = "$(BUILT_PRODUCTS_DIR)/V16.app/V16";
			};
			name = Release;
		};
		84E78B0A250231C900830557 /* Debug */ = {
			isa = XCBuildConfiguration;
			buildSettings = {
				ALWAYS_EMBED_SWIFT_STANDARD_LIBRARIES = YES;
				CODE_SIGN_STYLE = Automatic;
				INFOPLIST_FILE = V16UITests/Info.plist;
				LD_RUNPATH_SEARCH_PATHS = (
					"$(inherited)",
					"@executable_path/Frameworks",
					"@loader_path/Frameworks",
				);
				PRODUCT_BUNDLE_IDENTIFIER = exercise.V16UITests;
				PRODUCT_NAME = "$(TARGET_NAME)";
				SWIFT_VERSION = 5.0;
				TARGETED_DEVICE_FAMILY = "1,2";
				TEST_TARGET_NAME = V16;
			};
			name = Debug;
		};
		84E78B0B250231C900830557 /* Release */ = {
			isa = XCBuildConfiguration;
			buildSettings = {
				ALWAYS_EMBED_SWIFT_STANDARD_LIBRARIES = YES;
				CODE_SIGN_STYLE = Automatic;
				INFOPLIST_FILE = V16UITests/Info.plist;
				LD_RUNPATH_SEARCH_PATHS = (
					"$(inherited)",
					"@executable_path/Frameworks",
					"@loader_path/Frameworks",
				);
				PRODUCT_BUNDLE_IDENTIFIER = exercise.V16UITests;
				PRODUCT_NAME = "$(TARGET_NAME)";
				SWIFT_VERSION = 5.0;
				TARGETED_DEVICE_FAMILY = "1,2";
				TEST_TARGET_NAME = V16;
			};
			name = Release;
		};
/* End XCBuildConfiguration section */

/* Begin XCConfigurationList section */
		84E78AD4250231C500830557 /* Build configuration list for PBXProject "V16" */ = {
			isa = XCConfigurationList;
			buildConfigurations = (
				84E78B01250231C900830557 /* Debug */,
				84E78B02250231C900830557 /* Release */,
			);
			defaultConfigurationIsVisible = 0;
			defaultConfigurationName = Release;
		};
		84E78B03250231C900830557 /* Build configuration list for PBXNativeTarget "V16" */ = {
			isa = XCConfigurationList;
			buildConfigurations = (
				84E78B04250231C900830557 /* Debug */,
				84E78B05250231C900830557 /* Release */,
			);
			defaultConfigurationIsVisible = 0;
			defaultConfigurationName = Release;
		};
		84E78B06250231C900830557 /* Build configuration list for PBXNativeTarget "V16Tests" */ = {
			isa = XCConfigurationList;
			buildConfigurations = (
				84E78B07250231C900830557 /* Debug */,
				84E78B08250231C900830557 /* Release */,
			);
			defaultConfigurationIsVisible = 0;
			defaultConfigurationName = Release;
		};
		84E78B09250231C900830557 /* Build configuration list for PBXNativeTarget "V16UITests" */ = {
			isa = XCConfigurationList;
			buildConfigurations = (
				84E78B0A250231C900830557 /* Debug */,
				84E78B0B250231C900830557 /* Release */,
			);
			defaultConfigurationIsVisible = 0;
			defaultConfigurationName = Release;
		};
/* End XCConfigurationList section */
	};
	rootObject = 84E78AD1250231C500830557 /* Project object */;
}
